{
  "name": "deka_map",
  "version": "1.0.0",
  "lockfileVersion": 1,
  "requires": true,
  "dependencies": {
    "@types/geojson": {
      "version": "7946.0.2",
      "resolved": "https://registry.npmjs.org/@types/geojson/-/geojson-7946.0.2.tgz",
      "integrity": "sha512-JuRe9eeID7XvL7viIcFqIAAXDLfyRcImIWE/XjBIhrUZjxX5z4fLcF3QXS9zYnvIn8mmtW/7OxDV3XC8QMb7OA=="
    },
    "@types/leaflet": {
      "version": "1.2.7",
      "resolved": "https://registry.npmjs.org/@types/leaflet/-/leaflet-1.2.7.tgz",
      "integrity": "sha512-y9KEOzVB1uIPVPOc8FBqQjBvFykb/WhNfHDN6eTL8FlUy6F7FaqGMWHj5OhDSBHMWoqc70eR3FGiXdzbg1rqtg==",
      "requires": {
        "@types/geojson": "7946.0.2"
      }
    },
    "@types/leaflet-draw": {
      "version": "0.4.12",
      "resolved": "https://registry.npmjs.org/@types/leaflet-draw/-/leaflet-draw-0.4.12.tgz",
      "integrity": "sha512-Gho8Qax/i6tehV7O6pHzbgLPnSi+jnfPU51KoN7kSunljmZwqssOwOAMOHR2eEOoS4Ahb4bTCdE1vfw2vpjEFQ==",
      "requires": {
        "@types/leaflet": "1.2.7"
      }
    },
    "typescript": {
      "version": "2.8.3",
      "resolved": "https://registry.npmjs.org/typescript/-/typescript-2.8.3.tgz",
      "integrity": "sha512-K7g15Bb6Ra4lKf7Iq2l/I5/En+hLIHmxWZGq3D4DIRNFxMNV6j2SHSvDOqs2tGd4UvD/fJvrwopzQXjLrT7Itw=="
    }
  }
}
